// !$*UTF8*$!
{
	archiveVersion = 1;
	classes = {
	};
	objectVersion = 56;
	objects = {

/* Begin PBXBuildFile section */
		415B135F29ED1BFA008F6F9C /* main.cpp in Sources */ = {isa = PBXBuildFile; fileRef = 415B135E29ED1BFA008F6F9C /* main.cpp */; };
		4189ADB729EE6756000169DC /* main.cpp in Sources */ = {isa = PBXBuildFile; fileRef = 4189ADB629EE6756000169DC /* main.cpp */; };
/* End PBXBuildFile section */

/* Begin PBXCopyFilesBuildPhase section */
		415B135929ED1BFA008F6F9C /* CopyFiles */ = {
			isa = PBXCopyFilesBuildPhase;
			buildActionMask = 2147483647;
			dstPath = /usr/share/man/man1/;
			dstSubfolderSpec = 0;
			files = (
			);
			runOnlyForDeploymentPostprocessing = 1;
		};
		4189ADB229EE6756000169DC /* CopyFiles */ = {
			isa = PBXCopyFilesBuildPhase;
			buildActionMask = 2147483647;
			dstPath = /usr/share/man/man1/;
			dstSubfolderSpec = 0;
			files = (
			);
			runOnlyForDeploymentPostprocessing = 1;
		};
/* End PBXCopyFilesBuildPhase section */

/* Begin PBXFileReference section */
		415B135B29ED1BFA008F6F9C /* CH07 */ = {isa = PBXFileReference; explicitFileType = "compiled.mach-o.executable"; includeInIndex = 0; path = CH07; sourceTree = BUILT_PRODUCTS_DIR; };
		415B135E29ED1BFA008F6F9C /* main.cpp */ = {isa = PBXFileReference; lastKnownFileType = sourcecode.cpp.cpp; path = main.cpp; sourceTree = "<group>"; };
		4189ADB429EE6756000169DC /* Student객체counting */ = {isa = PBXFileReference; explicitFileType = "compiled.mach-o.executable"; includeInIndex = 0; path = "Student객체counting"; sourceTree = BUILT_PRODUCTS_DIR; };
		4189ADB629EE6756000169DC /* main.cpp */ = {isa = PBXFileReference; lastKnownFileType = sourcecode.cpp.cpp; name = main.cpp; path = "../Student객체counting/main.cpp"; sourceTree = "<group>"; };
/* End PBXFileReference section */

/* Begin PBXFrameworksBuildPhase section */
		415B135829ED1BFA008F6F9C /* Frameworks */ = {
			isa = PBXFrameworksBuildPhase;
			buildActionMask = 2147483647;
			files = (
			);
			runOnlyForDeploymentPostprocessing = 0;
		};
		4189ADB129EE6756000169DC /* Frameworks */ = {
			isa = PBXFrameworksBuildPhase;
			buildActionMask = 2147483647;
			files = (
			);
			runOnlyForDeploymentPostprocessing = 0;
		};
/* End PBXFrameworksBuildPhase section */

/* Begin PBXGroup section */
		415B135229ED1BFA008F6F9C = {
			isa = PBXGroup;
			children = (
				415B135D29ED1BFA008F6F9C /* Circle */,
				4189ADB529EE6756000169DC /* Student객체counting */,
				415B135C29ED1BFA008F6F9C /* Products */,
			);
			sourceTree = "<group>";
		};
		415B135C29ED1BFA008F6F9C /* Products */ = {
			isa = PBXGroup;
			children = (
				415B135B29ED1BFA008F6F9C /* CH07 */,
				4189ADB429EE6756000169DC /* Student객체counting */,
			);
			name = Products;
			sourceTree = "<group>";
		};
		415B135D29ED1BFA008F6F9C /* Circle */ = {
			isa = PBXGroup;
			children = (
				415B135E29ED1BFA008F6F9C /* main.cpp */,
			);
			path = Circle;
			sourceTree = "<group>";
		};
		4189ADB529EE6756000169DC /* Student객체counting */ = {
			isa = PBXGroup;
			children = (
				4189ADB629EE6756000169DC /* main.cpp */,
			);
			path = "Student객체counting";
			sourceTree = "<group>";
		};
/* End PBXGroup section */

/* Begin PBXNativeTarget section */
		415B135A29ED1BFA008F6F9C /* CH07 */ = {
			isa = PBXNativeTarget;
			buildConfigurationList = 415B136229ED1BFA008F6F9C /* Build configuration list for PBXNativeTarget "CH07" */;
			buildPhases = (
				415B135729ED1BFA008F6F9C /* Sources */,
				415B135829ED1BFA008F6F9C /* Frameworks */,
				415B135929ED1BFA008F6F9C /* CopyFiles */,
			);
			buildRules = (
			);
			dependencies = (
			);
			name = CH07;
			productName = CH07;
			productReference = 415B135B29ED1BFA008F6F9C /* CH07 */;
			productType = "com.apple.product-type.tool";
		};
		4189ADB329EE6756000169DC /* Student객체counting */ = {
			isa = PBXNativeTarget;
			buildConfigurationList = 4189ADBA29EE6757000169DC /* Build configuration list for PBXNativeTarget "Student객체counting" */;
			buildPhases = (
				4189ADB029EE6756000169DC /* Sources */,
				4189ADB129EE6756000169DC /* Frameworks */,
				4189ADB229EE6756000169DC /* CopyFiles */,
			);
			buildRules = (
			);
			dependencies = (
			);
			name = "Student객체counting";
			productName = "Student객체counting";
			productReference = 4189ADB429EE6756000169DC /* Student객체counting */;
			productType = "com.apple.product-type.tool";
		};
/* End PBXNativeTarget section */

/* Begin PBXProject section */
		415B135329ED1BFA008F6F9C /* Project object */ = {
			isa = PBXProject;
			attributes = {
				BuildIndependentTargetsInParallel = 1;
				LastUpgradeCheck = 1410;
				TargetAttributes = {
					415B135A29ED1BFA008F6F9C = {
						CreatedOnToolsVersion = 14.1;
					};
					4189ADB329EE6756000169DC = {
						CreatedOnToolsVersion = 14.1;
					};
				};
			};
			buildConfigurationList = 415B135629ED1BFA008F6F9C /* Build configuration list for PBXProject "CH07" */;
			compatibilityVersion = "Xcode 14.0";
			developmentRegion = en;
			hasScannedForEncodings = 0;
			knownRegions = (
				en,
				Base,
			);
			mainGroup = 415B135229ED1BFA008F6F9C;
			productRefGroup = 415B135C29ED1BFA008F6F9C /* Products */;
			projectDirPath = "";
			projectRoot = "";
			targets = (
				415B135A29ED1BFA008F6F9C /* CH07 */,
				4189ADB329EE6756000169DC /* Student객체counting */,
			);
		};
/* End PBXProject section */

/* Begin PBXSourcesBuildPhase section */
		415B135729ED1BFA008F6F9C /* Sources */ = {
			isa = PBXSourcesBuildPhase;
			buildActionMask = 2147483647;
			files = (
				415B135F29ED1BFA008F6F9C /* main.cpp in Sources */,
			);
			runOnlyForDeploymentPostprocessing = 0;
		};
		4189ADB029EE6756000169DC /* Sources */ = {
			isa = PBXSourcesBuildPhase;
			buildActionMask = 2147483647;
			files = (
				4189ADB729EE6756000169DC /* main.cpp in Sources */,
			);
			runOnlyForDeploymentPostprocessing = 0;
		};
/* End PBXSourcesBuildPhase section */

/* Begin XCBuildConfiguration section */
		415B136029ED1BFA008F6F9C /* Debug */ = {
			isa = XCBuildConfiguration;
			buildSettings = {
				ALWAYS_SEARCH_USER_PATHS = NO;
				CLANG_ANALYZER_NONNULL = YES;
				CLANG_ANALYZER_NUMBER_OBJECT_CONVERSION = YES_AGGRESSIVE;
				CLANG_CXX_LANGUAGE_STANDARD = "gnu++20";
				CLANG_ENABLE_MODULES = YES;
				CLANG_ENABLE_OBJC_ARC = YES;
				CLANG_ENABLE_OBJC_WEAK = YES;
				CLANG_WARN_BLOCK_CAPTURE_AUTORELEASING = YES;
				CLANG_WARN_BOOL_CONVERSION = YES;
				CLANG_WARN_COMMA = YES;
				CLANG_WARN_CONSTANT_CONVERSION = YES;
				CLANG_WARN_DEPRECATED_OBJC_IMPLEMENTATIONS = YES;
				CLANG_WARN_DIRECT_OBJC_ISA_USAGE = YES_ERROR;
				CLANG_WARN_DOCUMENTATION_COMMENTS = YES;
				CLANG_WARN_EMPTY_BODY = YES;
				CLANG_WARN_ENUM_CONVERSION = YES;
				CLANG_WARN_INFINITE_RECURSION = YES;
				CLANG_WARN_INT_CONVERSION = YES;
				CLANG_WARN_NON_LITERAL_NULL_CONVERSION = YES;
				CLANG_WARN_OBJC_IMPLICIT_RETAIN_SELF = YES;
				CLANG_WARN_OBJC_LITERAL_CONVERSION = YES;
				CLANG_WARN_OBJC_ROOT_CLASS = YES_ERROR;
				CLANG_WARN_QUOTED_INCLUDE_IN_FRAMEWORK_HEADER = YES;
				CLANG_WARN_RANGE_LOOP_ANALYSIS = YES;
				CLANG_WARN_STRICT_PROTOTYPES = YES;
				CLANG_WARN_SUSPICIOUS_MOVE = YES;
				CLANG_WARN_UNGUARDED_AVAILABILITY = YES_AGGRESSIVE;
				CLANG_WARN_UNREACHABLE_CODE = YES;
				CLANG_WARN__DUPLICATE_METHOD_MATCH = YES;
				COPY_PHASE_STRIP = NO;
				DEBUG_INFORMATION_FORMAT = dwarf;
				ENABLE_STRICT_OBJC_MSGSEND = YES;
				ENABLE_TESTABILITY = YES;
				GCC_C_LANGUAGE_STANDARD = gnu11;
				GCC_DYNAMIC_NO_PIC = NO;
				GCC_NO_COMMON_BLOCKS = YES;
				GCC_OPTIMIZATION_LEVEL = 0;
				GCC_PREPROCESSOR_DEFINITIONS = (
					"DEBUG=1",
					"$(inherited)",
				);
				GCC_WARN_64_TO_32_BIT_CONVERSION = YES;
				GCC_WARN_ABOUT_RETURN_TYPE = YES_ERROR;
				GCC_WARN_UNDECLARED_SELECTOR = YES;
				GCC_WARN_UNINITIALIZED_AUTOS = YES_AGGRESSIVE;
				GCC_WARN_UNUSED_FUNCTION = YES;
				GCC_WARN_UNUSED_VARIABLE = YES;
				MACOSX_DEPLOYMENT_TARGET = 13.0;
				MTL_ENABLE_DEBUG_INFO = INCLUDE_SOURCE;
				MTL_FAST_MATH = YES;
				ONLY_ACTIVE_ARCH = YES;
				SDKROOT = macosx;
			};
			name = Debug;
		};
		415B136129ED1BFA008F6F9C /* Release */ = {
			isa = XCBuildConfiguration;
			buildSettings = {
				ALWAYS_SEARCH_USER_PATHS = NO;
				CLANG_ANALYZER_NONNULL = YES;
				CLANG_ANALYZER_NUMBER_OBJECT_CONVERSION = YES_AGGRESSIVE;
				CLANG_CXX_LANGUAGE_STANDARD = "gnu++20";
				CLANG_ENABLE_MODULES = YES;
				CLANG_ENABLE_OBJC_ARC = YES;
				CLANG_ENABLE_OBJC_WEAK = YES;
				CLANG_WARN_BLOCK_CAPTURE_AUTORELEASING = YES;
				CLANG_WARN_BOOL_CONVERSION = YES;
				CLANG_WARN_COMMA = YES;
				CLANG_WARN_CONSTANT_CONVERSION = YES;
				CLANG_WARN_DEPRECATED_OBJC_IMPLEMENTATIONS = YES;
				CLANG_WARN_DIRECT_OBJC_ISA_USAGE = YES_ERROR;
				CLANG_WARN_DOCUMENTATION_COMMENTS = YES;
				CLANG_WARN_EMPTY_BODY = YES;
				CLANG_WARN_ENUM_CONVERSION = YES;
				CLANG_WARN_INFINITE_RECURSION = YES;
				CLANG_WARN_INT_CONVERSION = YES;
				CLANG_WARN_NON_LITERAL_NULL_CONVERSION = YES;
				CLANG_WARN_OBJC_IMPLICIT_RETAIN_SELF = YES;
				CLANG_WARN_OBJC_LITERAL_CONVERSION = YES;
				CLANG_WARN_OBJC_ROOT_CLASS = YES_ERROR;
				CLANG_WARN_QUOTED_INCLUDE_IN_FRAMEWORK_HEADER = YES;
				CLANG_WARN_RANGE_LOOP_ANALYSIS = YES;
				CLANG_WARN_STRICT_PROTOTYPES = YES;
				CLANG_WARN_SUSPICIOUS_MOVE = YES;
				CLANG_WARN_UNGUARDED_AVAILABILITY = YES_AGGRESSIVE;
				CLANG_WARN_UNREACHABLE_CODE = YES;
				CLANG_WARN__DUPLICATE_METHOD_MATCH = YES;
				COPY_PHASE_STRIP = NO;
				DEBUG_INFORMATION_FORMAT = "dwarf-with-dsym";
				ENABLE_NS_ASSERTIONS = NO;
				ENABLE_STRICT_OBJC_MSGSEND = YES;
				GCC_C_LANGUAGE_STANDARD = gnu11;
				GCC_NO_COMMON_BLOCKS = YES;
				GCC_WARN_64_TO_32_BIT_CONVERSION = YES;
				GCC_WARN_ABOUT_RETURN_TYPE = YES_ERROR;
				GCC_WARN_UNDECLARED_SELECTOR = YES;
				GCC_WARN_UNINITIALIZED_AUTOS = YES_AGGRESSIVE;
				GCC_WARN_UNUSED_FUNCTION = YES;
				GCC_WARN_UNUSED_VARIABLE = YES;
				MACOSX_DEPLOYMENT_TARGET = 13.0;
				MTL_ENABLE_DEBUG_INFO = NO;
				MTL_FAST_MATH = YES;
				SDKROOT = macosx;
			};
			name = Release;
		};
		415B136329ED1BFA008F6F9C /* Debug */ = {
			isa = XCBuildConfiguration;
			buildSettings = {
				CODE_SIGN_STYLE = Automatic;
				PRODUCT_NAME = "$(TARGET_NAME)";
			};
			name = Debug;
		};
		415B136429ED1BFA008F6F9C /* Release */ = {
			isa = XCBuildConfiguration;
			buildSettings = {
				CODE_SIGN_STYLE = Automatic;
				PRODUCT_NAME = "$(TARGET_NAME)";
			};
			name = Release;
		};
		4189ADB829EE6756000169DC /* Debug */ = {
			isa = XCBuildConfiguration;
			buildSettings = {
				CODE_SIGN_STYLE = Automatic;
				PRODUCT_NAME = "$(TARGET_NAME)";
			};
			name = Debug;
		};
		4189ADB929EE6756000169DC /* Release */ = {
			isa = XCBuildConfiguration;
			buildSettings = {
				CODE_SIGN_STYLE = Automatic;
				PRODUCT_NAME = "$(TARGET_NAME)";
			};
			name = Release;
		};
/* End XCBuildConfiguration section */

/* Begin XCConfigurationList section */
		415B135629ED1BFA008F6F9C /* Build configuration list for PBXProject "CH07" */ = {
			isa = XCConfigurationList;
			buildConfigurations = (
				415B136029ED1BFA008F6F9C /* Debug */,
				415B136129ED1BFA008F6F9C /* Release */,
			);
			defaultConfigurationIsVisible = 0;
			defaultConfigurationName = Release;
		};
		415B136229ED1BFA008F6F9C /* Build configuration list for PBXNativeTarget "CH07" */ = {
			isa = XCConfigurationList;
			buildConfigurations = (
				415B136329ED1BFA008F6F9C /* Debug */,
				415B136429ED1BFA008F6F9C /* Release */,
			);
			defaultConfigurationIsVisible = 0;
			defaultConfigurationName = Release;
		};
		4189ADBA29EE6757000169DC /* Build configuration list for PBXNativeTarget "Student객체counting" */ = {
			isa = XCConfigurationList;
			buildConfigurations = (
				4189ADB829EE6756000169DC /* Debug */,
				4189ADB929EE6756000169DC /* Release */,
			);
			defaultConfigurationIsVisible = 0;
			defaultConfigurationName = Release;
		};
/* End XCConfigurationList section */
	};
	rootObject = 415B135329ED1BFA008F6F9C /* Project object */;
}
