// !$*UTF8*$!
{
	archiveVersion = 1;
	classes = {
	};
	objectVersion = 56;
	objects = {

/* Begin PBXBuildFile section */
		414D8D2A29C9847800AB287E /* main.cpp in Sources */ = {isa = PBXBuildFile; fileRef = 414D8D2929C9847800AB287E /* main.cpp */; };
		41578FAF29DAABC500CBC689 /* main.cpp in Sources */ = {isa = PBXBuildFile; fileRef = 41578FAE29DAABC500CBC689 /* main.cpp */; };
		41578FBA29DBF8EF00CBC689 /* main.cpp in Sources */ = {isa = PBXBuildFile; fileRef = 41578FB929DBF8EF00CBC689 /* main.cpp */; };
		41578FD029DDC5DD00CBC689 /* swap.cpp in Sources */ = {isa = PBXBuildFile; fileRef = 41578FCF29DDC5DD00CBC689 /* swap.cpp */; };
		416457C029D1692D000858C7 /* main.cpp in Sources */ = {isa = PBXBuildFile; fileRef = 416457BF29D1692D000858C7 /* main.cpp */; };
		41A23A2629F4F05D00BE9C93 /* main.cpp in Sources */ = {isa = PBXBuildFile; fileRef = 41A23A2529F4F05D00BE9C93 /* main.cpp */; };
		41CCF39229D2B64B00DEAA40 /* main.cpp in Sources */ = {isa = PBXBuildFile; fileRef = 41CCF39129D2B64B00DEAA40 /* main.cpp */; };
		41CCF39D29D2BD8900DEAA40 /* main.cpp in Sources */ = {isa = PBXBuildFile; fileRef = 41CCF39C29D2BD8900DEAA40 /* main.cpp */; };
		41FF442429D16F5100D81412 /* main.cpp in Sources */ = {isa = PBXBuildFile; fileRef = 41FF442329D16F5100D81412 /* main.cpp */; };
/* End PBXBuildFile section */

/* Begin PBXCopyFilesBuildPhase section */
		414D8D2429C9847800AB287E /* CopyFiles */ = {
			isa = PBXCopyFilesBuildPhase;
			buildActionMask = 2147483647;
			dstPath = /usr/share/man/man1/;
			dstSubfolderSpec = 0;
			files = (
			);
			runOnlyForDeploymentPostprocessing = 1;
		};
		41578FAA29DAABC500CBC689 /* CopyFiles */ = {
			isa = PBXCopyFilesBuildPhase;
			buildActionMask = 2147483647;
			dstPath = /usr/share/man/man1/;
			dstSubfolderSpec = 0;
			files = (
			);
			runOnlyForDeploymentPostprocessing = 1;
		};
		41578FB529DBF8EF00CBC689 /* CopyFiles */ = {
			isa = PBXCopyFilesBuildPhase;
			buildActionMask = 2147483647;
			dstPath = /usr/share/man/man1/;
			dstSubfolderSpec = 0;
			files = (
			);
			runOnlyForDeploymentPostprocessing = 1;
		};
		416457BB29D1692D000858C7 /* CopyFiles */ = {
			isa = PBXCopyFilesBuildPhase;
			buildActionMask = 2147483647;
			dstPath = /usr/share/man/man1/;
			dstSubfolderSpec = 0;
			files = (
			);
			runOnlyForDeploymentPostprocessing = 1;
		};
		41A23A2129F4F05C00BE9C93 /* CopyFiles */ = {
			isa = PBXCopyFilesBuildPhase;
			buildActionMask = 2147483647;
			dstPath = /usr/share/man/man1/;
			dstSubfolderSpec = 0;
			files = (
			);
			runOnlyForDeploymentPostprocessing = 1;
		};
		41CCF38D29D2B64B00DEAA40 /* CopyFiles */ = {
			isa = PBXCopyFilesBuildPhase;
			buildActionMask = 2147483647;
			dstPath = /usr/share/man/man1/;
			dstSubfolderSpec = 0;
			files = (
			);
			runOnlyForDeploymentPostprocessing = 1;
		};
		41CCF39829D2BD8900DEAA40 /* CopyFiles */ = {
			isa = PBXCopyFilesBuildPhase;
			buildActionMask = 2147483647;
			dstPath = /usr/share/man/man1/;
			dstSubfolderSpec = 0;
			files = (
			);
			runOnlyForDeploymentPostprocessing = 1;
		};
		41FF441F29D16F5100D81412 /* CopyFiles */ = {
			isa = PBXCopyFilesBuildPhase;
			buildActionMask = 2147483647;
			dstPath = /usr/share/man/man1/;
			dstSubfolderSpec = 0;
			files = (
			);
			runOnlyForDeploymentPostprocessing = 1;
		};
/* End PBXCopyFilesBuildPhase section */

/* Begin PBXFileReference section */
		414D8D2629C9847800AB287E /* CH09 */ = {isa = PBXFileReference; explicitFileType = "compiled.mach-o.executable"; includeInIndex = 0; path = CH09; sourceTree = BUILT_PRODUCTS_DIR; };
		414D8D2929C9847800AB287E /* main.cpp */ = {isa = PBXFileReference; lastKnownFileType = sourcecode.cpp.cpp; path = main.cpp; sourceTree = "<group>"; };
		41578FAC29DAABC500CBC689 /* intDynamicArray */ = {isa = PBXFileReference; explicitFileType = "compiled.mach-o.executable"; includeInIndex = 0; path = intDynamicArray; sourceTree = BUILT_PRODUCTS_DIR; };
		41578FAE29DAABC500CBC689 /* main.cpp */ = {isa = PBXFileReference; lastKnownFileType = sourcecode.cpp.cpp; path = main.cpp; sourceTree = "<group>"; };
		41578FB729DBF8EF00CBC689 /* dynamicAllocation */ = {isa = PBXFileReference; explicitFileType = "compiled.mach-o.executable"; includeInIndex = 0; path = dynamicAllocation; sourceTree = BUILT_PRODUCTS_DIR; };
		41578FB929DBF8EF00CBC689 /* main.cpp */ = {isa = PBXFileReference; lastKnownFileType = sourcecode.cpp.cpp; path = main.cpp; sourceTree = "<group>"; };
		41578FCF29DDC5DD00CBC689 /* swap.cpp */ = {isa = PBXFileReference; lastKnownFileType = sourcecode.cpp.cpp; path = swap.cpp; sourceTree = "<group>"; };
		416457BD29D1692D000858C7 /* pointerAdressing */ = {isa = PBXFileReference; explicitFileType = "compiled.mach-o.executable"; includeInIndex = 0; path = pointerAdressing; sourceTree = BUILT_PRODUCTS_DIR; };
		416457BF29D1692D000858C7 /* main.cpp */ = {isa = PBXFileReference; lastKnownFileType = sourcecode.cpp.cpp; path = main.cpp; sourceTree = "<group>"; };
		41A23A2329F4F05C00BE9C93 /* HeapMemory */ = {isa = PBXFileReference; explicitFileType = "compiled.mach-o.executable"; includeInIndex = 0; path = HeapMemory; sourceTree = BUILT_PRODUCTS_DIR; };
		41A23A2529F4F05D00BE9C93 /* main.cpp */ = {isa = PBXFileReference; lastKnownFileType = sourcecode.cpp.cpp; path = main.cpp; sourceTree = "<group>"; };
		41CCF38F29D2B64B00DEAA40 /* d */ = {isa = PBXFileReference; explicitFileType = "compiled.mach-o.executable"; includeInIndex = 0; path = d; sourceTree = BUILT_PRODUCTS_DIR; };
		41CCF39129D2B64B00DEAA40 /* main.cpp */ = {isa = PBXFileReference; lastKnownFileType = sourcecode.cpp.cpp; path = main.cpp; sourceTree = "<group>"; };
		41CCF39A29D2BD8900DEAA40 /* arrayNpointer */ = {isa = PBXFileReference; explicitFileType = "compiled.mach-o.executable"; includeInIndex = 0; path = arrayNpointer; sourceTree = BUILT_PRODUCTS_DIR; };
		41CCF39C29D2BD8900DEAA40 /* main.cpp */ = {isa = PBXFileReference; lastKnownFileType = sourcecode.cpp.cpp; path = main.cpp; sourceTree = "<group>"; };
		41FF442129D16F5100D81412 /* swapbyReference */ = {isa = PBXFileReference; explicitFileType = "compiled.mach-o.executable"; includeInIndex = 0; path = swapbyReference; sourceTree = BUILT_PRODUCTS_DIR; };
		41FF442329D16F5100D81412 /* main.cpp */ = {isa = PBXFileReference; lastKnownFileType = sourcecode.cpp.cpp; path = main.cpp; sourceTree = "<group>"; };
/* End PBXFileReference section */

/* Begin PBXFrameworksBuildPhase section */
		414D8D2329C9847800AB287E /* Frameworks */ = {
			isa = PBXFrameworksBuildPhase;
			buildActionMask = 2147483647;
			files = (
			);
			runOnlyForDeploymentPostprocessing = 0;
		};
		41578FA929DAABC500CBC689 /* Frameworks */ = {
			isa = PBXFrameworksBuildPhase;
			buildActionMask = 2147483647;
			files = (
			);
			runOnlyForDeploymentPostprocessing = 0;
		};
		41578FB429DBF8EF00CBC689 /* Frameworks */ = {
			isa = PBXFrameworksBuildPhase;
			buildActionMask = 2147483647;
			files = (
			);
			runOnlyForDeploymentPostprocessing = 0;
		};
		416457BA29D1692D000858C7 /* Frameworks */ = {
			isa = PBXFrameworksBuildPhase;
			buildActionMask = 2147483647;
			files = (
			);
			runOnlyForDeploymentPostprocessing = 0;
		};
		41A23A2029F4F05C00BE9C93 /* Frameworks */ = {
			isa = PBXFrameworksBuildPhase;
			buildActionMask = 2147483647;
			files = (
			);
			runOnlyForDeploymentPostprocessing = 0;
		};
		41CCF38C29D2B64B00DEAA40 /* Frameworks */ = {
			isa = PBXFrameworksBuildPhase;
			buildActionMask = 2147483647;
			files = (
			);
			runOnlyForDeploymentPostprocessing = 0;
		};
		41CCF39729D2BD8900DEAA40 /* Frameworks */ = {
			isa = PBXFrameworksBuildPhase;
			buildActionMask = 2147483647;
			files = (
			);
			runOnlyForDeploymentPostprocessing = 0;
		};
		41FF441E29D16F5100D81412 /* Frameworks */ = {
			isa = PBXFrameworksBuildPhase;
			buildActionMask = 2147483647;
			files = (
			);
			runOnlyForDeploymentPostprocessing = 0;
		};
/* End PBXFrameworksBuildPhase section */

/* Begin PBXGroup section */
		414D8D1D29C9847800AB287E = {
			isa = PBXGroup;
			children = (
				414D8D2829C9847800AB287E /* CH09 */,
				416457BE29D1692D000858C7 /* pointerAdressing */,
				41FF442229D16F5100D81412 /* swapbyReference */,
				41CCF39029D2B64B00DEAA40 /* d */,
				41CCF39B29D2BD8900DEAA40 /* arrayNpointer */,
				41578FAD29DAABC500CBC689 /* intDynamicArray */,
				41578FB829DBF8EF00CBC689 /* dynamicAllocation */,
				41A23A2429F4F05D00BE9C93 /* HeapMemory */,
				414D8D2729C9847800AB287E /* Products */,
			);
			sourceTree = "<group>";
		};
		414D8D2729C9847800AB287E /* Products */ = {
			isa = PBXGroup;
			children = (
				414D8D2629C9847800AB287E /* CH09 */,
				416457BD29D1692D000858C7 /* pointerAdressing */,
				41FF442129D16F5100D81412 /* swapbyReference */,
				41CCF38F29D2B64B00DEAA40 /* d */,
				41CCF39A29D2BD8900DEAA40 /* arrayNpointer */,
				41578FAC29DAABC500CBC689 /* intDynamicArray */,
				41578FB729DBF8EF00CBC689 /* dynamicAllocation */,
				41A23A2329F4F05C00BE9C93 /* HeapMemory */,
			);
			name = Products;
			sourceTree = "<group>";
		};
		414D8D2829C9847800AB287E /* CH09 */ = {
			isa = PBXGroup;
			children = (
				414D8D2929C9847800AB287E /* main.cpp */,
			);
			path = CH09;
			sourceTree = "<group>";
		};
		41578FAD29DAABC500CBC689 /* intDynamicArray */ = {
			isa = PBXGroup;
			children = (
				41578FAE29DAABC500CBC689 /* main.cpp */,
			);
			path = intDynamicArray;
			sourceTree = "<group>";
		};
		41578FB829DBF8EF00CBC689 /* dynamicAllocation */ = {
			isa = PBXGroup;
			children = (
				41578FB929DBF8EF00CBC689 /* main.cpp */,
				41578FCF29DDC5DD00CBC689 /* swap.cpp */,
			);
			path = dynamicAllocation;
			sourceTree = "<group>";
		};
		416457BE29D1692D000858C7 /* pointerAdressing */ = {
			isa = PBXGroup;
			children = (
				416457BF29D1692D000858C7 /* main.cpp */,
			);
			path = pointerAdressing;
			sourceTree = "<group>";
		};
		41A23A2429F4F05D00BE9C93 /* HeapMemory */ = {
			isa = PBXGroup;
			children = (
				41A23A2529F4F05D00BE9C93 /* main.cpp */,
			);
			path = HeapMemory;
			sourceTree = "<group>";
		};
		41CCF39029D2B64B00DEAA40 /* d */ = {
			isa = PBXGroup;
			children = (
				41CCF39129D2B64B00DEAA40 /* main.cpp */,
			);
			path = d;
			sourceTree = "<group>";
		};
		41CCF39B29D2BD8900DEAA40 /* arrayNpointer */ = {
			isa = PBXGroup;
			children = (
				41CCF39C29D2BD8900DEAA40 /* main.cpp */,
			);
			path = arrayNpointer;
			sourceTree = "<group>";
		};
		41FF442229D16F5100D81412 /* swapbyReference */ = {
			isa = PBXGroup;
			children = (
				41FF442329D16F5100D81412 /* main.cpp */,
			);
			path = swapbyReference;
			sourceTree = "<group>";
		};
/* End PBXGroup section */

/* Begin PBXNativeTarget section */
		414D8D2529C9847800AB287E /* CH09 */ = {
			isa = PBXNativeTarget;
			buildConfigurationList = 414D8D2D29C9847800AB287E /* Build configuration list for PBXNativeTarget "CH09" */;
			buildPhases = (
				414D8D2229C9847800AB287E /* Sources */,
				414D8D2329C9847800AB287E /* Frameworks */,
				414D8D2429C9847800AB287E /* CopyFiles */,
			);
			buildRules = (
			);
			dependencies = (
			);
			name = CH09;
			productName = CH09;
			productReference = 414D8D2629C9847800AB287E /* CH09 */;
			productType = "com.apple.product-type.tool";
		};
		41578FAB29DAABC500CBC689 /* intDynamicArray */ = {
			isa = PBXNativeTarget;
			buildConfigurationList = 41578FB229DAABC500CBC689 /* Build configuration list for PBXNativeTarget "intDynamicArray" */;
			buildPhases = (
				41578FA829DAABC500CBC689 /* Sources */,
				41578FA929DAABC500CBC689 /* Frameworks */,
				41578FAA29DAABC500CBC689 /* CopyFiles */,
			);
			buildRules = (
			);
			dependencies = (
			);
			name = intDynamicArray;
			productName = intDynamicArray;
			productReference = 41578FAC29DAABC500CBC689 /* intDynamicArray */;
			productType = "com.apple.product-type.tool";
		};
		41578FB629DBF8EF00CBC689 /* dynamicAllocation */ = {
			isa = PBXNativeTarget;
			buildConfigurationList = 41578FBB29DBF8EF00CBC689 /* Build configuration list for PBXNativeTarget "dynamicAllocation" */;
			buildPhases = (
				41578FB329DBF8EF00CBC689 /* Sources */,
				41578FB429DBF8EF00CBC689 /* Frameworks */,
				41578FB529DBF8EF00CBC689 /* CopyFiles */,
			);
			buildRules = (
			);
			dependencies = (
			);
			name = dynamicAllocation;
			productName = dynamicAllocation;
			productReference = 41578FB729DBF8EF00CBC689 /* dynamicAllocation */;
			productType = "com.apple.product-type.tool";
		};
		416457BC29D1692D000858C7 /* pointerAdressing */ = {
			isa = PBXNativeTarget;
			buildConfigurationList = 416457C329D1692D000858C7 /* Build configuration list for PBXNativeTarget "pointerAdressing" */;
			buildPhases = (
				416457B929D1692D000858C7 /* Sources */,
				416457BA29D1692D000858C7 /* Frameworks */,
				416457BB29D1692D000858C7 /* CopyFiles */,
			);
			buildRules = (
			);
			dependencies = (
			);
			name = pointerAdressing;
			productName = pointerAdressing;
			productReference = 416457BD29D1692D000858C7 /* pointerAdressing */;
			productType = "com.apple.product-type.tool";
		};
		41A23A2229F4F05C00BE9C93 /* HeapMemory */ = {
			isa = PBXNativeTarget;
			buildConfigurationList = 41A23A2929F4F05D00BE9C93 /* Build configuration list for PBXNativeTarget "HeapMemory" */;
			buildPhases = (
				41A23A1F29F4F05C00BE9C93 /* Sources */,
				41A23A2029F4F05C00BE9C93 /* Frameworks */,
				41A23A2129F4F05C00BE9C93 /* CopyFiles */,
			);
			buildRules = (
			);
			dependencies = (
			);
			name = HeapMemory;
			productName = HeapMemory;
			productReference = 41A23A2329F4F05C00BE9C93 /* HeapMemory */;
			productType = "com.apple.product-type.tool";
		};
		41CCF38E29D2B64B00DEAA40 /* d */ = {
			isa = PBXNativeTarget;
			buildConfigurationList = 41CCF39529D2B64B00DEAA40 /* Build configuration list for PBXNativeTarget "d" */;
			buildPhases = (
				41CCF38B29D2B64B00DEAA40 /* Sources */,
				41CCF38C29D2B64B00DEAA40 /* Frameworks */,
				41CCF38D29D2B64B00DEAA40 /* CopyFiles */,
			);
			buildRules = (
			);
			dependencies = (
			);
			name = d;
			productName = d;
			productReference = 41CCF38F29D2B64B00DEAA40 /* d */;
			productType = "com.apple.product-type.tool";
		};
		41CCF39929D2BD8900DEAA40 /* arrayNpointer */ = {
			isa = PBXNativeTarget;
			buildConfigurationList = 41CCF39E29D2BD8900DEAA40 /* Build configuration list for PBXNativeTarget "arrayNpointer" */;
			buildPhases = (
				41CCF39629D2BD8900DEAA40 /* Sources */,
				41CCF39729D2BD8900DEAA40 /* Frameworks */,
				41CCF39829D2BD8900DEAA40 /* CopyFiles */,
			);
			buildRules = (
			);
			dependencies = (
			);
			name = arrayNpointer;
			productName = arrayNpointer;
			productReference = 41CCF39A29D2BD8900DEAA40 /* arrayNpointer */;
			productType = "com.apple.product-type.tool";
		};
		41FF442029D16F5100D81412 /* swapbyReference */ = {
			isa = PBXNativeTarget;
			buildConfigurationList = 41FF442729D16F5100D81412 /* Build configuration list for PBXNativeTarget "swapbyReference" */;
			buildPhases = (
				41FF441D29D16F5100D81412 /* Sources */,
				41FF441E29D16F5100D81412 /* Frameworks */,
				41FF441F29D16F5100D81412 /* CopyFiles */,
			);
			buildRules = (
			);
			dependencies = (
			);
			name = swapbyReference;
			productName = swapbyReference;
			productReference = 41FF442129D16F5100D81412 /* swapbyReference */;
			productType = "com.apple.product-type.tool";
		};
/* End PBXNativeTarget section */

/* Begin PBXProject section */
		414D8D1E29C9847800AB287E /* Project object */ = {
			isa = PBXProject;
			attributes = {
				BuildIndependentTargetsInParallel = 1;
				LastUpgradeCheck = 1410;
				TargetAttributes = {
					414D8D2529C9847800AB287E = {
						CreatedOnToolsVersion = 14.1;
					};
					41578FAB29DAABC500CBC689 = {
						CreatedOnToolsVersion = 14.1;
					};
					41578FB629DBF8EF00CBC689 = {
						CreatedOnToolsVersion = 14.1;
					};
					416457BC29D1692D000858C7 = {
						CreatedOnToolsVersion = 14.1;
					};
					41A23A2229F4F05C00BE9C93 = {
						CreatedOnToolsVersion = 14.1;
					};
					41CCF38E29D2B64B00DEAA40 = {
						CreatedOnToolsVersion = 14.1;
					};
					41CCF39929D2BD8900DEAA40 = {
						CreatedOnToolsVersion = 14.1;
					};
					41FF442029D16F5100D81412 = {
						CreatedOnToolsVersion = 14.1;
					};
				};
			};
			buildConfigurationList = 414D8D2129C9847800AB287E /* Build configuration list for PBXProject "CH09" */;
			compatibilityVersion = "Xcode 14.0";
			developmentRegion = en;
			hasScannedForEncodings = 0;
			knownRegions = (
				en,
				Base,
			);
			mainGroup = 414D8D1D29C9847800AB287E;
			productRefGroup = 414D8D2729C9847800AB287E /* Products */;
			projectDirPath = "";
			projectRoot = "";
			targets = (
				414D8D2529C9847800AB287E /* CH09 */,
				416457BC29D1692D000858C7 /* pointerAdressing */,
				41FF442029D16F5100D81412 /* swapbyReference */,
				41CCF38E29D2B64B00DEAA40 /* d */,
				41CCF39929D2BD8900DEAA40 /* arrayNpointer */,
				41578FAB29DAABC500CBC689 /* intDynamicArray */,
				41578FB629DBF8EF00CBC689 /* dynamicAllocation */,
				41A23A2229F4F05C00BE9C93 /* HeapMemory */,
			);
		};
/* End PBXProject section */

/* Begin PBXSourcesBuildPhase section */
		414D8D2229C9847800AB287E /* Sources */ = {
			isa = PBXSourcesBuildPhase;
			buildActionMask = 2147483647;
			files = (
				414D8D2A29C9847800AB287E /* main.cpp in Sources */,
			);
			runOnlyForDeploymentPostprocessing = 0;
		};
		41578FA829DAABC500CBC689 /* Sources */ = {
			isa = PBXSourcesBuildPhase;
			buildActionMask = 2147483647;
			files = (
				41578FAF29DAABC500CBC689 /* main.cpp in Sources */,
			);
			runOnlyForDeploymentPostprocessing = 0;
		};
		41578FB329DBF8EF00CBC689 /* Sources */ = {
			isa = PBXSourcesBuildPhase;
			buildActionMask = 2147483647;
			files = (
				41578FD029DDC5DD00CBC689 /* swap.cpp in Sources */,
				41578FBA29DBF8EF00CBC689 /* main.cpp in Sources */,
			);
			runOnlyForDeploymentPostprocessing = 0;
		};
		416457B929D1692D000858C7 /* Sources */ = {
			isa = PBXSourcesBuildPhase;
			buildActionMask = 2147483647;
			files = (
				416457C029D1692D000858C7 /* main.cpp in Sources */,
			);
			runOnlyForDeploymentPostprocessing = 0;
		};
		41A23A1F29F4F05C00BE9C93 /* Sources */ = {
			isa = PBXSourcesBuildPhase;
			buildActionMask = 2147483647;
			files = (
				41A23A2629F4F05D00BE9C93 /* main.cpp in Sources */,
			);
			runOnlyForDeploymentPostprocessing = 0;
		};
		41CCF38B29D2B64B00DEAA40 /* Sources */ = {
			isa = PBXSourcesBuildPhase;
			buildActionMask = 2147483647;
			files = (
				41CCF39229D2B64B00DEAA40 /* main.cpp in Sources */,
			);
			runOnlyForDeploymentPostprocessing = 0;
		};
		41CCF39629D2BD8900DEAA40 /* Sources */ = {
			isa = PBXSourcesBuildPhase;
			buildActionMask = 2147483647;
			files = (
				41CCF39D29D2BD8900DEAA40 /* main.cpp in Sources */,
			);
			runOnlyForDeploymentPostprocessing = 0;
		};
		41FF441D29D16F5100D81412 /* Sources */ = {
			isa = PBXSourcesBuildPhase;
			buildActionMask = 2147483647;
			files = (
				41FF442429D16F5100D81412 /* main.cpp in Sources */,
			);
			runOnlyForDeploymentPostprocessing = 0;
		};
/* End PBXSourcesBuildPhase section */

/* Begin XCBuildConfiguration section */
		414D8D2B29C9847800AB287E /* Debug */ = {
			isa = XCBuildConfiguration;
			buildSettings = {
				ALWAYS_SEARCH_USER_PATHS = NO;
				CLANG_ANALYZER_NONNULL = YES;
				CLANG_ANALYZER_NUMBER_OBJECT_CONVERSION = YES_AGGRESSIVE;
				CLANG_CXX_LANGUAGE_STANDARD = "gnu++20";
				CLANG_ENABLE_MODULES = YES;
				CLANG_ENABLE_OBJC_ARC = YES;
				CLANG_ENABLE_OBJC_WEAK = YES;
				CLANG_WARN_BLOCK_CAPTURE_AUTORELEASING = YES;
				CLANG_WARN_BOOL_CONVERSION = YES;
				CLANG_WARN_COMMA = YES;
				CLANG_WARN_CONSTANT_CONVERSION = YES;
				CLANG_WARN_DEPRECATED_OBJC_IMPLEMENTATIONS = YES;
				CLANG_WARN_DIRECT_OBJC_ISA_USAGE = YES_ERROR;
				CLANG_WARN_DOCUMENTATION_COMMENTS = YES;
				CLANG_WARN_EMPTY_BODY = YES;
				CLANG_WARN_ENUM_CONVERSION = YES;
				CLANG_WARN_INFINITE_RECURSION = YES;
				CLANG_WARN_INT_CONVERSION = YES;
				CLANG_WARN_NON_LITERAL_NULL_CONVERSION = YES;
				CLANG_WARN_OBJC_IMPLICIT_RETAIN_SELF = YES;
				CLANG_WARN_OBJC_LITERAL_CONVERSION = YES;
				CLANG_WARN_OBJC_ROOT_CLASS = YES_ERROR;
				CLANG_WARN_QUOTED_INCLUDE_IN_FRAMEWORK_HEADER = YES;
				CLANG_WARN_RANGE_LOOP_ANALYSIS = YES;
				CLANG_WARN_STRICT_PROTOTYPES = YES;
				CLANG_WARN_SUSPICIOUS_MOVE = YES;
				CLANG_WARN_UNGUARDED_AVAILABILITY = YES_AGGRESSIVE;
				CLANG_WARN_UNREACHABLE_CODE = YES;
				CLANG_WARN__DUPLICATE_METHOD_MATCH = YES;
				COPY_PHASE_STRIP = NO;
				DEBUG_INFORMATION_FORMAT = dwarf;
				ENABLE_STRICT_OBJC_MSGSEND = YES;
				ENABLE_TESTABILITY = YES;
				GCC_C_LANGUAGE_STANDARD = gnu11;
				GCC_DYNAMIC_NO_PIC = NO;
				GCC_NO_COMMON_BLOCKS = YES;
				GCC_OPTIMIZATION_LEVEL = 0;
				GCC_PREPROCESSOR_DEFINITIONS = (
					"DEBUG=1",
					"$(inherited)",
				);
				GCC_WARN_64_TO_32_BIT_CONVERSION = YES;
				GCC_WARN_ABOUT_RETURN_TYPE = YES_ERROR;
				GCC_WARN_UNDECLARED_SELECTOR = YES;
				GCC_WARN_UNINITIALIZED_AUTOS = YES_AGGRESSIVE;
				GCC_WARN_UNUSED_FUNCTION = YES;
				GCC_WARN_UNUSED_VARIABLE = YES;
				MACOSX_DEPLOYMENT_TARGET = 13.0;
				MTL_ENABLE_DEBUG_INFO = INCLUDE_SOURCE;
				MTL_FAST_MATH = YES;
				ONLY_ACTIVE_ARCH = YES;
				SDKROOT = macosx;
			};
			name = Debug;
		};
		414D8D2C29C9847800AB287E /* Release */ = {
			isa = XCBuildConfiguration;
			buildSettings = {
				ALWAYS_SEARCH_USER_PATHS = NO;
				CLANG_ANALYZER_NONNULL = YES;
				CLANG_ANALYZER_NUMBER_OBJECT_CONVERSION = YES_AGGRESSIVE;
				CLANG_CXX_LANGUAGE_STANDARD = "gnu++20";
				CLANG_ENABLE_MODULES = YES;
				CLANG_ENABLE_OBJC_ARC = YES;
				CLANG_ENABLE_OBJC_WEAK = YES;
				CLANG_WARN_BLOCK_CAPTURE_AUTORELEASING = YES;
				CLANG_WARN_BOOL_CONVERSION = YES;
				CLANG_WARN_COMMA = YES;
				CLANG_WARN_CONSTANT_CONVERSION = YES;
				CLANG_WARN_DEPRECATED_OBJC_IMPLEMENTATIONS = YES;
				CLANG_WARN_DIRECT_OBJC_ISA_USAGE = YES_ERROR;
				CLANG_WARN_DOCUMENTATION_COMMENTS = YES;
				CLANG_WARN_EMPTY_BODY = YES;
				CLANG_WARN_ENUM_CONVERSION = YES;
				CLANG_WARN_INFINITE_RECURSION = YES;
				CLANG_WARN_INT_CONVERSION = YES;
				CLANG_WARN_NON_LITERAL_NULL_CONVERSION = YES;
				CLANG_WARN_OBJC_IMPLICIT_RETAIN_SELF = YES;
				CLANG_WARN_OBJC_LITERAL_CONVERSION = YES;
				CLANG_WARN_OBJC_ROOT_CLASS = YES_ERROR;
				CLANG_WARN_QUOTED_INCLUDE_IN_FRAMEWORK_HEADER = YES;
				CLANG_WARN_RANGE_LOOP_ANALYSIS = YES;
				CLANG_WARN_STRICT_PROTOTYPES = YES;
				CLANG_WARN_SUSPICIOUS_MOVE = YES;
				CLANG_WARN_UNGUARDED_AVAILABILITY = YES_AGGRESSIVE;
				CLANG_WARN_UNREACHABLE_CODE = YES;
				CLANG_WARN__DUPLICATE_METHOD_MATCH = YES;
				COPY_PHASE_STRIP = NO;
				DEBUG_INFORMATION_FORMAT = "dwarf-with-dsym";
				ENABLE_NS_ASSERTIONS = NO;
				ENABLE_STRICT_OBJC_MSGSEND = YES;
				GCC_C_LANGUAGE_STANDARD = gnu11;
				GCC_NO_COMMON_BLOCKS = YES;
				GCC_WARN_64_TO_32_BIT_CONVERSION = YES;
				GCC_WARN_ABOUT_RETURN_TYPE = YES_ERROR;
				GCC_WARN_UNDECLARED_SELECTOR = YES;
				GCC_WARN_UNINITIALIZED_AUTOS = YES_AGGRESSIVE;
				GCC_WARN_UNUSED_FUNCTION = YES;
				GCC_WARN_UNUSED_VARIABLE = YES;
				MACOSX_DEPLOYMENT_TARGET = 13.0;
				MTL_ENABLE_DEBUG_INFO = NO;
				MTL_FAST_MATH = YES;
				SDKROOT = macosx;
			};
			name = Release;
		};
		414D8D2E29C9847800AB287E /* Debug */ = {
			isa = XCBuildConfiguration;
			buildSettings = {
				CODE_SIGN_STYLE = Automatic;
				PRODUCT_NAME = "$(TARGET_NAME)";
			};
			name = Debug;
		};
		414D8D2F29C9847800AB287E /* Release */ = {
			isa = XCBuildConfiguration;
			buildSettings = {
				CODE_SIGN_STYLE = Automatic;
				PRODUCT_NAME = "$(TARGET_NAME)";
			};
			name = Release;
		};
		41578FB029DAABC500CBC689 /* Debug */ = {
			isa = XCBuildConfiguration;
			buildSettings = {
				CODE_SIGN_STYLE = Automatic;
				PRODUCT_NAME = "$(TARGET_NAME)";
			};
			name = Debug;
		};
		41578FB129DAABC500CBC689 /* Release */ = {
			isa = XCBuildConfiguration;
			buildSettings = {
				CODE_SIGN_STYLE = Automatic;
				PRODUCT_NAME = "$(TARGET_NAME)";
			};
			name = Release;
		};
		41578FBC29DBF8EF00CBC689 /* Debug */ = {
			isa = XCBuildConfiguration;
			buildSettings = {
				CODE_SIGN_STYLE = Automatic;
				PRODUCT_NAME = "$(TARGET_NAME)";
			};
			name = Debug;
		};
		41578FBD29DBF8EF00CBC689 /* Release */ = {
			isa = XCBuildConfiguration;
			buildSettings = {
				CODE_SIGN_STYLE = Automatic;
				PRODUCT_NAME = "$(TARGET_NAME)";
			};
			name = Release;
		};
		416457C129D1692D000858C7 /* Debug */ = {
			isa = XCBuildConfiguration;
			buildSettings = {
				CODE_SIGN_STYLE = Automatic;
				PRODUCT_NAME = "$(TARGET_NAME)";
			};
			name = Debug;
		};
		416457C229D1692D000858C7 /* Release */ = {
			isa = XCBuildConfiguration;
			buildSettings = {
				CODE_SIGN_STYLE = Automatic;
				PRODUCT_NAME = "$(TARGET_NAME)";
			};
			name = Release;
		};
		41A23A2729F4F05D00BE9C93 /* Debug */ = {
			isa = XCBuildConfiguration;
			buildSettings = {
				CODE_SIGN_STYLE = Automatic;
				PRODUCT_NAME = "$(TARGET_NAME)";
			};
			name = Debug;
		};
		41A23A2829F4F05D00BE9C93 /* Release */ = {
			isa = XCBuildConfiguration;
			buildSettings = {
				CODE_SIGN_STYLE = Automatic;
				PRODUCT_NAME = "$(TARGET_NAME)";
			};
			name = Release;
		};
		41CCF39329D2B64B00DEAA40 /* Debug */ = {
			isa = XCBuildConfiguration;
			buildSettings = {
				CODE_SIGN_STYLE = Automatic;
				PRODUCT_NAME = "$(TARGET_NAME)";
			};
			name = Debug;
		};
		41CCF39429D2B64B00DEAA40 /* Release */ = {
			isa = XCBuildConfiguration;
			buildSettings = {
				CODE_SIGN_STYLE = Automatic;
				PRODUCT_NAME = "$(TARGET_NAME)";
			};
			name = Release;
		};
		41CCF39F29D2BD8900DEAA40 /* Debug */ = {
			isa = XCBuildConfiguration;
			buildSettings = {
				CODE_SIGN_STYLE = Automatic;
				PRODUCT_NAME = "$(TARGET_NAME)";
			};
			name = Debug;
		};
		41CCF3A029D2BD8900DEAA40 /* Release */ = {
			isa = XCBuildConfiguration;
			buildSettings = {
				CODE_SIGN_STYLE = Automatic;
				PRODUCT_NAME = "$(TARGET_NAME)";
			};
			name = Release;
		};
		41FF442529D16F5100D81412 /* Debug */ = {
			isa = XCBuildConfiguration;
			buildSettings = {
				CODE_SIGN_STYLE = Automatic;
				PRODUCT_NAME = "$(TARGET_NAME)";
			};
			name = Debug;
		};
		41FF442629D16F5100D81412 /* Release */ = {
			isa = XCBuildConfiguration;
			buildSettings = {
				CODE_SIGN_STYLE = Automatic;
				PRODUCT_NAME = "$(TARGET_NAME)";
			};
			name = Release;
		};
/* End XCBuildConfiguration section */

/* Begin XCConfigurationList section */
		414D8D2129C9847800AB287E /* Build configuration list for PBXProject "CH09" */ = {
			isa = XCConfigurationList;
			buildConfigurations = (
				414D8D2B29C9847800AB287E /* Debug */,
				414D8D2C29C9847800AB287E /* Release */,
			);
			defaultConfigurationIsVisible = 0;
			defaultConfigurationName = Release;
		};
		414D8D2D29C9847800AB287E /* Build configuration list for PBXNativeTarget "CH09" */ = {
			isa = XCConfigurationList;
			buildConfigurations = (
				414D8D2E29C9847800AB287E /* Debug */,
				414D8D2F29C9847800AB287E /* Release */,
			);
			defaultConfigurationIsVisible = 0;
			defaultConfigurationName = Release;
		};
		41578FB229DAABC500CBC689 /* Build configuration list for PBXNativeTarget "intDynamicArray" */ = {
			isa = XCConfigurationList;
			buildConfigurations = (
				41578FB029DAABC500CBC689 /* Debug */,
				41578FB129DAABC500CBC689 /* Release */,
			);
			defaultConfigurationIsVisible = 0;
			defaultConfigurationName = Release;
		};
		41578FBB29DBF8EF00CBC689 /* Build configuration list for PBXNativeTarget "dynamicAllocation" */ = {
			isa = XCConfigurationList;
			buildConfigurations = (
				41578FBC29DBF8EF00CBC689 /* Debug */,
				41578FBD29DBF8EF00CBC689 /* Release */,
			);
			defaultConfigurationIsVisible = 0;
			defaultConfigurationName = Release;
		};
		416457C329D1692D000858C7 /* Build configuration list for PBXNativeTarget "pointerAdressing" */ = {
			isa = XCConfigurationList;
			buildConfigurations = (
				416457C129D1692D000858C7 /* Debug */,
				416457C229D1692D000858C7 /* Release */,
			);
			defaultConfigurationIsVisible = 0;
			defaultConfigurationName = Release;
		};
		41A23A2929F4F05D00BE9C93 /* Build configuration list for PBXNativeTarget "HeapMemory" */ = {
			isa = XCConfigurationList;
			buildConfigurations = (
				41A23A2729F4F05D00BE9C93 /* Debug */,
				41A23A2829F4F05D00BE9C93 /* Release */,
			);
			defaultConfigurationIsVisible = 0;
			defaultConfigurationName = Release;
		};
		41CCF39529D2B64B00DEAA40 /* Build configuration list for PBXNativeTarget "d" */ = {
			isa = XCConfigurationList;
			buildConfigurations = (
				41CCF39329D2B64B00DEAA40 /* Debug */,
				41CCF39429D2B64B00DEAA40 /* Release */,
			);
			defaultConfigurationIsVisible = 0;
			defaultConfigurationName = Release;
		};
		41CCF39E29D2BD8900DEAA40 /* Build configuration list for PBXNativeTarget "arrayNpointer" */ = {
			isa = XCConfigurationList;
			buildConfigurations = (
				41CCF39F29D2BD8900DEAA40 /* Debug */,
				41CCF3A029D2BD8900DEAA40 /* Release */,
			);
			defaultConfigurationIsVisible = 0;
			defaultConfigurationName = Release;
		};
		41FF442729D16F5100D81412 /* Build configuration list for PBXNativeTarget "swapbyReference" */ = {
			isa = XCConfigurationList;
			buildConfigurations = (
				41FF442529D16F5100D81412 /* Debug */,
				41FF442629D16F5100D81412 /* Release */,
			);
			defaultConfigurationIsVisible = 0;
			defaultConfigurationName = Release;
		};
/* End XCConfigurationList section */
	};
	rootObject = 414D8D1E29C9847800AB287E /* Project object */;
}
