// !$*UTF8*$!
{
	archiveVersion = 1;
	classes = {
	};
	objectVersion = 56;
	objects = {

/* Begin PBXBuildFile section */
		414124AE29FBDDE500C04B0F /* main.cpp in Sources */ = {isa = PBXBuildFile; fileRef = 414124AD29FBDDE500C04B0F /* main.cpp */; };
		4147656729CE0FE500512725 /* main.cpp in Sources */ = {isa = PBXBuildFile; fileRef = 4147656629CE0FE500512725 /* main.cpp */; };
		41578FDD29DE661B00CBC689 /* main.cpp in Sources */ = {isa = PBXBuildFile; fileRef = 41578FDC29DE661B00CBC689 /* main.cpp */; };
		4192302A29E306E0005A3B31 /* leftshift.cpp in Sources */ = {isa = PBXBuildFile; fileRef = 4192302929E306E0005A3B31 /* leftshift.cpp */; };
		41BDD4C329C2A857005F7CCE /* main.cpp in Sources */ = {isa = PBXBuildFile; fileRef = 41BDD4C229C2A857005F7CCE /* main.cpp */; };
		41BDD4D029C57B57005F7CCE /* main.cpp in Sources */ = {isa = PBXBuildFile; fileRef = 41BDD4CF29C57B57005F7CCE /* main.cpp */; };
/* End PBXBuildFile section */

/* Begin PBXCopyFilesBuildPhase section */
		414124A929FBDDE500C04B0F /* CopyFiles */ = {
			isa = PBXCopyFilesBuildPhase;
			buildActionMask = 2147483647;
			dstPath = /usr/share/man/man1/;
			dstSubfolderSpec = 0;
			files = (
			);
			runOnlyForDeploymentPostprocessing = 1;
		};
		4147656229CE0FE500512725 /* CopyFiles */ = {
			isa = PBXCopyFilesBuildPhase;
			buildActionMask = 2147483647;
			dstPath = /usr/share/man/man1/;
			dstSubfolderSpec = 0;
			files = (
			);
			runOnlyForDeploymentPostprocessing = 1;
		};
		41578FD829DE661B00CBC689 /* CopyFiles */ = {
			isa = PBXCopyFilesBuildPhase;
			buildActionMask = 2147483647;
			dstPath = /usr/share/man/man1/;
			dstSubfolderSpec = 0;
			files = (
			);
			runOnlyForDeploymentPostprocessing = 1;
		};
		41BDD4BD29C2A857005F7CCE /* CopyFiles */ = {
			isa = PBXCopyFilesBuildPhase;
			buildActionMask = 2147483647;
			dstPath = /usr/share/man/man1/;
			dstSubfolderSpec = 0;
			files = (
			);
			runOnlyForDeploymentPostprocessing = 1;
		};
		41BDD4CB29C57B57005F7CCE /* CopyFiles */ = {
			isa = PBXCopyFilesBuildPhase;
			buildActionMask = 2147483647;
			dstPath = /usr/share/man/man1/;
			dstSubfolderSpec = 0;
			files = (
			);
			runOnlyForDeploymentPostprocessing = 1;
		};
/* End PBXCopyFilesBuildPhase section */

/* Begin PBXFileReference section */
		414124AB29FBDDE500C04B0F /* 230418_1 */ = {isa = PBXFileReference; explicitFileType = "compiled.mach-o.executable"; includeInIndex = 0; path = 230418_1; sourceTree = BUILT_PRODUCTS_DIR; };
		414124AD29FBDDE500C04B0F /* main.cpp */ = {isa = PBXFileReference; lastKnownFileType = sourcecode.cpp.cpp; path = main.cpp; sourceTree = "<group>"; };
		4147656429CE0FE500512725 /* 230321 */ = {isa = PBXFileReference; explicitFileType = "compiled.mach-o.executable"; includeInIndex = 0; path = 230321; sourceTree = BUILT_PRODUCTS_DIR; };
		4147656629CE0FE500512725 /* main.cpp */ = {isa = PBXFileReference; lastKnownFileType = sourcecode.cpp.cpp; path = main.cpp; sourceTree = "<group>"; };
		41578FDA29DE661B00CBC689 /* 230404 */ = {isa = PBXFileReference; explicitFileType = "compiled.mach-o.executable"; includeInIndex = 0; path = 230404; sourceTree = BUILT_PRODUCTS_DIR; };
		41578FDC29DE661B00CBC689 /* main.cpp */ = {isa = PBXFileReference; lastKnownFileType = sourcecode.cpp.cpp; path = main.cpp; sourceTree = "<group>"; };
		4192302929E306E0005A3B31 /* leftshift.cpp */ = {isa = PBXFileReference; lastKnownFileType = sourcecode.cpp.cpp; path = leftshift.cpp; sourceTree = "<group>"; };
		41BDD4BF29C2A857005F7CCE /* assignments */ = {isa = PBXFileReference; explicitFileType = "compiled.mach-o.executable"; includeInIndex = 0; path = assignments; sourceTree = BUILT_PRODUCTS_DIR; };
		41BDD4C229C2A857005F7CCE /* main.cpp */ = {isa = PBXFileReference; lastKnownFileType = sourcecode.cpp.cpp; path = main.cpp; sourceTree = "<group>"; };
		41BDD4CD29C57B57005F7CCE /* 230314 */ = {isa = PBXFileReference; explicitFileType = "compiled.mach-o.executable"; includeInIndex = 0; path = 230314; sourceTree = BUILT_PRODUCTS_DIR; };
		41BDD4CF29C57B57005F7CCE /* main.cpp */ = {isa = PBXFileReference; lastKnownFileType = sourcecode.cpp.cpp; path = main.cpp; sourceTree = "<group>"; };
/* End PBXFileReference section */

/* Begin PBXFrameworksBuildPhase section */
		414124A829FBDDE500C04B0F /* Frameworks */ = {
			isa = PBXFrameworksBuildPhase;
			buildActionMask = 2147483647;
			files = (
			);
			runOnlyForDeploymentPostprocessing = 0;
		};
		4147656129CE0FE500512725 /* Frameworks */ = {
			isa = PBXFrameworksBuildPhase;
			buildActionMask = 2147483647;
			files = (
			);
			runOnlyForDeploymentPostprocessing = 0;
		};
		41578FD729DE661B00CBC689 /* Frameworks */ = {
			isa = PBXFrameworksBuildPhase;
			buildActionMask = 2147483647;
			files = (
			);
			runOnlyForDeploymentPostprocessing = 0;
		};
		41BDD4BC29C2A857005F7CCE /* Frameworks */ = {
			isa = PBXFrameworksBuildPhase;
			buildActionMask = 2147483647;
			files = (
			);
			runOnlyForDeploymentPostprocessing = 0;
		};
		41BDD4CA29C57B57005F7CCE /* Frameworks */ = {
			isa = PBXFrameworksBuildPhase;
			buildActionMask = 2147483647;
			files = (
			);
			runOnlyForDeploymentPostprocessing = 0;
		};
/* End PBXFrameworksBuildPhase section */

/* Begin PBXGroup section */
		414124AC29FBDDE500C04B0F /* 230418_1 */ = {
			isa = PBXGroup;
			children = (
				414124AD29FBDDE500C04B0F /* main.cpp */,
			);
			path = 230418_1;
			sourceTree = "<group>";
		};
		4147656529CE0FE500512725 /* 230321 */ = {
			isa = PBXGroup;
			children = (
				4147656629CE0FE500512725 /* main.cpp */,
			);
			path = 230321;
			sourceTree = "<group>";
		};
		41578FDB29DE661B00CBC689 /* 230404 */ = {
			isa = PBXGroup;
			children = (
				41578FDC29DE661B00CBC689 /* main.cpp */,
				4192302929E306E0005A3B31 /* leftshift.cpp */,
			);
			path = 230404;
			sourceTree = "<group>";
		};
		41BDD4B629C2A857005F7CCE = {
			isa = PBXGroup;
			children = (
				41BDD4C129C2A857005F7CCE /* 230313 */,
				41BDD4CE29C57B57005F7CCE /* 230314 */,
				4147656529CE0FE500512725 /* 230321 */,
				41578FDB29DE661B00CBC689 /* 230404 */,
				414124AC29FBDDE500C04B0F /* 230418_1 */,
				41BDD4C029C2A857005F7CCE /* Products */,
			);
			sourceTree = "<group>";
		};
		41BDD4C029C2A857005F7CCE /* Products */ = {
			isa = PBXGroup;
			children = (
				41BDD4BF29C2A857005F7CCE /* assignments */,
				41BDD4CD29C57B57005F7CCE /* 230314 */,
				4147656429CE0FE500512725 /* 230321 */,
				41578FDA29DE661B00CBC689 /* 230404 */,
				414124AB29FBDDE500C04B0F /* 230418_1 */,
			);
			name = Products;
			sourceTree = "<group>";
		};
		41BDD4C129C2A857005F7CCE /* 230313 */ = {
			isa = PBXGroup;
			children = (
				41BDD4C229C2A857005F7CCE /* main.cpp */,
			);
			path = 230313;
			sourceTree = "<group>";
		};
		41BDD4CE29C57B57005F7CCE /* 230314 */ = {
			isa = PBXGroup;
			children = (
				41BDD4CF29C57B57005F7CCE /* main.cpp */,
			);
			path = 230314;
			sourceTree = "<group>";
		};
/* End PBXGroup section */

/* Begin PBXNativeTarget section */
		414124AA29FBDDE500C04B0F /* 230418_1 */ = {
			isa = PBXNativeTarget;
			buildConfigurationList = 414124B129FBDDE500C04B0F /* Build configuration list for PBXNativeTarget "230418_1" */;
			buildPhases = (
				414124A729FBDDE500C04B0F /* Sources */,
				414124A829FBDDE500C04B0F /* Frameworks */,
				414124A929FBDDE500C04B0F /* CopyFiles */,
			);
			buildRules = (
			);
			dependencies = (
			);
			name = 230418_1;
			productName = 230418_1;
			productReference = 414124AB29FBDDE500C04B0F /* 230418_1 */;
			productType = "com.apple.product-type.tool";
		};
		4147656329CE0FE500512725 /* 230321 */ = {
			isa = PBXNativeTarget;
			buildConfigurationList = 4147656A29CE0FE500512725 /* Build configuration list for PBXNativeTarget "230321" */;
			buildPhases = (
				4147656029CE0FE500512725 /* Sources */,
				4147656129CE0FE500512725 /* Frameworks */,
				4147656229CE0FE500512725 /* CopyFiles */,
			);
			buildRules = (
			);
			dependencies = (
			);
			name = 230321;
			productName = 230321;
			productReference = 4147656429CE0FE500512725 /* 230321 */;
			productType = "com.apple.product-type.tool";
		};
		41578FD929DE661B00CBC689 /* 230404 */ = {
			isa = PBXNativeTarget;
			buildConfigurationList = 41578FE029DE661B00CBC689 /* Build configuration list for PBXNativeTarget "230404" */;
			buildPhases = (
				41578FD629DE661B00CBC689 /* Sources */,
				41578FD729DE661B00CBC689 /* Frameworks */,
				41578FD829DE661B00CBC689 /* CopyFiles */,
			);
			buildRules = (
			);
			dependencies = (
			);
			name = 230404;
			productName = 230404;
			productReference = 41578FDA29DE661B00CBC689 /* 230404 */;
			productType = "com.apple.product-type.tool";
		};
		41BDD4BE29C2A857005F7CCE /* assignments */ = {
			isa = PBXNativeTarget;
			buildConfigurationList = 41BDD4C629C2A857005F7CCE /* Build configuration list for PBXNativeTarget "assignments" */;
			buildPhases = (
				41BDD4BB29C2A857005F7CCE /* Sources */,
				41BDD4BC29C2A857005F7CCE /* Frameworks */,
				41BDD4BD29C2A857005F7CCE /* CopyFiles */,
			);
			buildRules = (
			);
			dependencies = (
			);
			name = assignments;
			productName = assignments;
			productReference = 41BDD4BF29C2A857005F7CCE /* assignments */;
			productType = "com.apple.product-type.tool";
		};
		41BDD4CC29C57B57005F7CCE /* 230314 */ = {
			isa = PBXNativeTarget;
			buildConfigurationList = 41BDD4D329C57B57005F7CCE /* Build configuration list for PBXNativeTarget "230314" */;
			buildPhases = (
				41BDD4C929C57B57005F7CCE /* Sources */,
				41BDD4CA29C57B57005F7CCE /* Frameworks */,
				41BDD4CB29C57B57005F7CCE /* CopyFiles */,
			);
			buildRules = (
			);
			dependencies = (
			);
			name = 230314;
			productName = 230314;
			productReference = 41BDD4CD29C57B57005F7CCE /* 230314 */;
			productType = "com.apple.product-type.tool";
		};
/* End PBXNativeTarget section */

/* Begin PBXProject section */
		41BDD4B729C2A857005F7CCE /* Project object */ = {
			isa = PBXProject;
			attributes = {
				BuildIndependentTargetsInParallel = 1;
				LastUpgradeCheck = 1410;
				TargetAttributes = {
					414124AA29FBDDE500C04B0F = {
						CreatedOnToolsVersion = 14.1;
					};
					4147656329CE0FE500512725 = {
						CreatedOnToolsVersion = 14.1;
					};
					41578FD929DE661B00CBC689 = {
						CreatedOnToolsVersion = 14.1;
					};
					41BDD4BE29C2A857005F7CCE = {
						CreatedOnToolsVersion = 14.1;
					};
					41BDD4CC29C57B57005F7CCE = {
						CreatedOnToolsVersion = 14.1;
					};
				};
			};
			buildConfigurationList = 41BDD4BA29C2A857005F7CCE /* Build configuration list for PBXProject "assignments" */;
			compatibilityVersion = "Xcode 14.0";
			developmentRegion = en;
			hasScannedForEncodings = 0;
			knownRegions = (
				en,
				Base,
			);
			mainGroup = 41BDD4B629C2A857005F7CCE;
			productRefGroup = 41BDD4C029C2A857005F7CCE /* Products */;
			projectDirPath = "";
			projectRoot = "";
			targets = (
				41BDD4BE29C2A857005F7CCE /* assignments */,
				41BDD4CC29C57B57005F7CCE /* 230314 */,
				4147656329CE0FE500512725 /* 230321 */,
				41578FD929DE661B00CBC689 /* 230404 */,
				414124AA29FBDDE500C04B0F /* 230418_1 */,
			);
		};
/* End PBXProject section */

/* Begin PBXSourcesBuildPhase section */
		414124A729FBDDE500C04B0F /* Sources */ = {
			isa = PBXSourcesBuildPhase;
			buildActionMask = 2147483647;
			files = (
				414124AE29FBDDE500C04B0F /* main.cpp in Sources */,
			);
			runOnlyForDeploymentPostprocessing = 0;
		};
		4147656029CE0FE500512725 /* Sources */ = {
			isa = PBXSourcesBuildPhase;
			buildActionMask = 2147483647;
			files = (
				4147656729CE0FE500512725 /* main.cpp in Sources */,
			);
			runOnlyForDeploymentPostprocessing = 0;
		};
		41578FD629DE661B00CBC689 /* Sources */ = {
			isa = PBXSourcesBuildPhase;
			buildActionMask = 2147483647;
			files = (
				41578FDD29DE661B00CBC689 /* main.cpp in Sources */,
				4192302A29E306E0005A3B31 /* leftshift.cpp in Sources */,
			);
			runOnlyForDeploymentPostprocessing = 0;
		};
		41BDD4BB29C2A857005F7CCE /* Sources */ = {
			isa = PBXSourcesBuildPhase;
			buildActionMask = 2147483647;
			files = (
				41BDD4C329C2A857005F7CCE /* main.cpp in Sources */,
			);
			runOnlyForDeploymentPostprocessing = 0;
		};
		41BDD4C929C57B57005F7CCE /* Sources */ = {
			isa = PBXSourcesBuildPhase;
			buildActionMask = 2147483647;
			files = (
				41BDD4D029C57B57005F7CCE /* main.cpp in Sources */,
			);
			runOnlyForDeploymentPostprocessing = 0;
		};
/* End PBXSourcesBuildPhase section */

/* Begin XCBuildConfiguration section */
		414124AF29FBDDE500C04B0F /* Debug */ = {
			isa = XCBuildConfiguration;
			buildSettings = {
				CODE_SIGN_STYLE = Automatic;
				PRODUCT_NAME = "$(TARGET_NAME)";
			};
			name = Debug;
		};
		414124B029FBDDE500C04B0F /* Release */ = {
			isa = XCBuildConfiguration;
			buildSettings = {
				CODE_SIGN_STYLE = Automatic;
				PRODUCT_NAME = "$(TARGET_NAME)";
			};
			name = Release;
		};
		4147656829CE0FE500512725 /* Debug */ = {
			isa = XCBuildConfiguration;
			buildSettings = {
				CODE_SIGN_STYLE = Automatic;
				PRODUCT_NAME = "$(TARGET_NAME)";
			};
			name = Debug;
		};
		4147656929CE0FE500512725 /* Release */ = {
			isa = XCBuildConfiguration;
			buildSettings = {
				CODE_SIGN_STYLE = Automatic;
				PRODUCT_NAME = "$(TARGET_NAME)";
			};
			name = Release;
		};
		41578FDE29DE661B00CBC689 /* Debug */ = {
			isa = XCBuildConfiguration;
			buildSettings = {
				CODE_SIGN_STYLE = Automatic;
				PRODUCT_NAME = "$(TARGET_NAME)";
			};
			name = Debug;
		};
		41578FDF29DE661B00CBC689 /* Release */ = {
			isa = XCBuildConfiguration;
			buildSettings = {
				CODE_SIGN_STYLE = Automatic;
				PRODUCT_NAME = "$(TARGET_NAME)";
			};
			name = Release;
		};
		41BDD4C429C2A857005F7CCE /* Debug */ = {
			isa = XCBuildConfiguration;
			buildSettings = {
				ALWAYS_SEARCH_USER_PATHS = NO;
				CLANG_ANALYZER_NONNULL = YES;
				CLANG_ANALYZER_NUMBER_OBJECT_CONVERSION = YES_AGGRESSIVE;
				CLANG_CXX_LANGUAGE_STANDARD = "gnu++20";
				CLANG_ENABLE_MODULES = YES;
				CLANG_ENABLE_OBJC_ARC = YES;
				CLANG_ENABLE_OBJC_WEAK = YES;
				CLANG_WARN_BLOCK_CAPTURE_AUTORELEASING = YES;
				CLANG_WARN_BOOL_CONVERSION = YES;
				CLANG_WARN_COMMA = YES;
				CLANG_WARN_CONSTANT_CONVERSION = YES;
				CLANG_WARN_DEPRECATED_OBJC_IMPLEMENTATIONS = YES;
				CLANG_WARN_DIRECT_OBJC_ISA_USAGE = YES_ERROR;
				CLANG_WARN_DOCUMENTATION_COMMENTS = YES;
				CLANG_WARN_EMPTY_BODY = YES;
				CLANG_WARN_ENUM_CONVERSION = YES;
				CLANG_WARN_INFINITE_RECURSION = YES;
				CLANG_WARN_INT_CONVERSION = YES;
				CLANG_WARN_NON_LITERAL_NULL_CONVERSION = YES;
				CLANG_WARN_OBJC_IMPLICIT_RETAIN_SELF = YES;
				CLANG_WARN_OBJC_LITERAL_CONVERSION = YES;
				CLANG_WARN_OBJC_ROOT_CLASS = YES_ERROR;
				CLANG_WARN_QUOTED_INCLUDE_IN_FRAMEWORK_HEADER = YES;
				CLANG_WARN_RANGE_LOOP_ANALYSIS = YES;
				CLANG_WARN_STRICT_PROTOTYPES = YES;
				CLANG_WARN_SUSPICIOUS_MOVE = YES;
				CLANG_WARN_UNGUARDED_AVAILABILITY = YES_AGGRESSIVE;
				CLANG_WARN_UNREACHABLE_CODE = YES;
				CLANG_WARN__DUPLICATE_METHOD_MATCH = YES;
				COPY_PHASE_STRIP = NO;
				DEBUG_INFORMATION_FORMAT = dwarf;
				ENABLE_STRICT_OBJC_MSGSEND = YES;
				ENABLE_TESTABILITY = YES;
				GCC_C_LANGUAGE_STANDARD = gnu11;
				GCC_DYNAMIC_NO_PIC = NO;
				GCC_NO_COMMON_BLOCKS = YES;
				GCC_OPTIMIZATION_LEVEL = 0;
				GCC_PREPROCESSOR_DEFINITIONS = (
					"DEBUG=1",
					"$(inherited)",
				);
				GCC_WARN_64_TO_32_BIT_CONVERSION = YES;
				GCC_WARN_ABOUT_RETURN_TYPE = YES_ERROR;
				GCC_WARN_UNDECLARED_SELECTOR = YES;
				GCC_WARN_UNINITIALIZED_AUTOS = YES_AGGRESSIVE;
				GCC_WARN_UNUSED_FUNCTION = YES;
				GCC_WARN_UNUSED_VARIABLE = YES;
				MACOSX_DEPLOYMENT_TARGET = 13.0;
				MTL_ENABLE_DEBUG_INFO = INCLUDE_SOURCE;
				MTL_FAST_MATH = YES;
				ONLY_ACTIVE_ARCH = YES;
				SDKROOT = macosx;
			};
			name = Debug;
		};
		41BDD4C529C2A857005F7CCE /* Release */ = {
			isa = XCBuildConfiguration;
			buildSettings = {
				ALWAYS_SEARCH_USER_PATHS = NO;
				CLANG_ANALYZER_NONNULL = YES;
				CLANG_ANALYZER_NUMBER_OBJECT_CONVERSION = YES_AGGRESSIVE;
				CLANG_CXX_LANGUAGE_STANDARD = "gnu++20";
				CLANG_ENABLE_MODULES = YES;
				CLANG_ENABLE_OBJC_ARC = YES;
				CLANG_ENABLE_OBJC_WEAK = YES;
				CLANG_WARN_BLOCK_CAPTURE_AUTORELEASING = YES;
				CLANG_WARN_BOOL_CONVERSION = YES;
				CLANG_WARN_COMMA = YES;
				CLANG_WARN_CONSTANT_CONVERSION = YES;
				CLANG_WARN_DEPRECATED_OBJC_IMPLEMENTATIONS = YES;
				CLANG_WARN_DIRECT_OBJC_ISA_USAGE = YES_ERROR;
				CLANG_WARN_DOCUMENTATION_COMMENTS = YES;
				CLANG_WARN_EMPTY_BODY = YES;
				CLANG_WARN_ENUM_CONVERSION = YES;
				CLANG_WARN_INFINITE_RECURSION = YES;
				CLANG_WARN_INT_CONVERSION = YES;
				CLANG_WARN_NON_LITERAL_NULL_CONVERSION = YES;
				CLANG_WARN_OBJC_IMPLICIT_RETAIN_SELF = YES;
				CLANG_WARN_OBJC_LITERAL_CONVERSION = YES;
				CLANG_WARN_OBJC_ROOT_CLASS = YES_ERROR;
				CLANG_WARN_QUOTED_INCLUDE_IN_FRAMEWORK_HEADER = YES;
				CLANG_WARN_RANGE_LOOP_ANALYSIS = YES;
				CLANG_WARN_STRICT_PROTOTYPES = YES;
				CLANG_WARN_SUSPICIOUS_MOVE = YES;
				CLANG_WARN_UNGUARDED_AVAILABILITY = YES_AGGRESSIVE;
				CLANG_WARN_UNREACHABLE_CODE = YES;
				CLANG_WARN__DUPLICATE_METHOD_MATCH = YES;
				COPY_PHASE_STRIP = NO;
				DEBUG_INFORMATION_FORMAT = "dwarf-with-dsym";
				ENABLE_NS_ASSERTIONS = NO;
				ENABLE_STRICT_OBJC_MSGSEND = YES;
				GCC_C_LANGUAGE_STANDARD = gnu11;
				GCC_NO_COMMON_BLOCKS = YES;
				GCC_WARN_64_TO_32_BIT_CONVERSION = YES;
				GCC_WARN_ABOUT_RETURN_TYPE = YES_ERROR;
				GCC_WARN_UNDECLARED_SELECTOR = YES;
				GCC_WARN_UNINITIALIZED_AUTOS = YES_AGGRESSIVE;
				GCC_WARN_UNUSED_FUNCTION = YES;
				GCC_WARN_UNUSED_VARIABLE = YES;
				MACOSX_DEPLOYMENT_TARGET = 13.0;
				MTL_ENABLE_DEBUG_INFO = NO;
				MTL_FAST_MATH = YES;
				SDKROOT = macosx;
			};
			name = Release;
		};
		41BDD4C729C2A857005F7CCE /* Debug */ = {
			isa = XCBuildConfiguration;
			buildSettings = {
				CODE_SIGN_STYLE = Automatic;
				PRODUCT_NAME = "$(TARGET_NAME)";
			};
			name = Debug;
		};
		41BDD4C829C2A857005F7CCE /* Release */ = {
			isa = XCBuildConfiguration;
			buildSettings = {
				CODE_SIGN_STYLE = Automatic;
				PRODUCT_NAME = "$(TARGET_NAME)";
			};
			name = Release;
		};
		41BDD4D129C57B57005F7CCE /* Debug */ = {
			isa = XCBuildConfiguration;
			buildSettings = {
				CODE_SIGN_STYLE = Automatic;
				PRODUCT_NAME = "$(TARGET_NAME)";
			};
			name = Debug;
		};
		41BDD4D229C57B57005F7CCE /* Release */ = {
			isa = XCBuildConfiguration;
			buildSettings = {
				CODE_SIGN_STYLE = Automatic;
				PRODUCT_NAME = "$(TARGET_NAME)";
			};
			name = Release;
		};
/* End XCBuildConfiguration section */

/* Begin XCConfigurationList section */
		414124B129FBDDE500C04B0F /* Build configuration list for PBXNativeTarget "230418_1" */ = {
			isa = XCConfigurationList;
			buildConfigurations = (
				414124AF29FBDDE500C04B0F /* Debug */,
				414124B029FBDDE500C04B0F /* Release */,
			);
			defaultConfigurationIsVisible = 0;
			defaultConfigurationName = Release;
		};
		4147656A29CE0FE500512725 /* Build configuration list for PBXNativeTarget "230321" */ = {
			isa = XCConfigurationList;
			buildConfigurations = (
				4147656829CE0FE500512725 /* Debug */,
				4147656929CE0FE500512725 /* Release */,
			);
			defaultConfigurationIsVisible = 0;
			defaultConfigurationName = Release;
		};
		41578FE029DE661B00CBC689 /* Build configuration list for PBXNativeTarget "230404" */ = {
			isa = XCConfigurationList;
			buildConfigurations = (
				41578FDE29DE661B00CBC689 /* Debug */,
				41578FDF29DE661B00CBC689 /* Release */,
			);
			defaultConfigurationIsVisible = 0;
			defaultConfigurationName = Release;
		};
		41BDD4BA29C2A857005F7CCE /* Build configuration list for PBXProject "assignments" */ = {
			isa = XCConfigurationList;
			buildConfigurations = (
				41BDD4C429C2A857005F7CCE /* Debug */,
				41BDD4C529C2A857005F7CCE /* Release */,
			);
			defaultConfigurationIsVisible = 0;
			defaultConfigurationName = Release;
		};
		41BDD4C629C2A857005F7CCE /* Build configuration list for PBXNativeTarget "assignments" */ = {
			isa = XCConfigurationList;
			buildConfigurations = (
				41BDD4C729C2A857005F7CCE /* Debug */,
				41BDD4C829C2A857005F7CCE /* Release */,
			);
			defaultConfigurationIsVisible = 0;
			defaultConfigurationName = Release;
		};
		41BDD4D329C57B57005F7CCE /* Build configuration list for PBXNativeTarget "230314" */ = {
			isa = XCConfigurationList;
			buildConfigurations = (
				41BDD4D129C57B57005F7CCE /* Debug */,
				41BDD4D229C57B57005F7CCE /* Release */,
			);
			defaultConfigurationIsVisible = 0;
			defaultConfigurationName = Release;
		};
/* End XCConfigurationList section */
	};
	rootObject = 41BDD4B729C2A857005F7CCE /* Project object */;
}
